
Microsoft Visual Studio Solution File, Format Version 12.00
# Visual Studio 15
VisualStudioVersion = 15.0.26124.0
MinimumVisualStudioVersion = 15.0.26124.0
Project("{2150E333-8FDC-42A3-9474-1A3956D46DE8}") = "src", "src", "{B72FA040-AF09-4645-B365-F03E01718E38}"
	ProjectSection(SolutionItems) = preProject
		src\USEFULL COMMANDS.txt = src\USEFULL COMMANDS.txt
	EndProjectSection
EndProject
Project("{FAE04EC0-301F-11D3-BF4B-00C04F79EFBC}") = "gatekeeper", "src\gatekeeper\gatekeeper.csproj", "{7DF906A1-5BC6-4FD3-B962-E86ABD25AFFB}"
EndProject
Project("{FAE04EC0-301F-11D3-BF4B-00C04F79EFBC}") = "PostService", "src\PostService\PostService.csproj", "{26D24118-F787-4FEB-A066-3CDBB603FC64}"
EndProject
Project("{FAE04EC0-301F-11D3-BF4B-00C04F79EFBC}") = "UserService", "src\UserService\UserService.csproj", "{E0126802-9C19-41D2-816B-EB4398D942E6}"
EndProject
Project("{FAE04EC0-301F-11D3-BF4B-00C04F79EFBC}") = "docker-compose", "docker-compose.dcproj", "{713E06C6-B77B-4923-AE68-AA92DD40E0AF}"
EndProject
Project("{2150E333-8FDC-42A3-9474-1A3956D46DE8}") = "common", "common", "{9D27A4F0-80C4-489B-810D-0C9DF9766268}"
EndProject
Project("{FAE04EC0-301F-11D3-BF4B-00C04F79EFBC}") = "BuildingBlocks", "src\common\BuildingBlocks\BuildingBlocks.csproj", "{C6AD13E5-C4AA-461A-81A7-2AB34191501F}"
EndProject
Project("{FAE04EC0-301F-11D3-BF4B-00C04F79EFBC}") = "EventBusRabbitMQ", "src\common\EventBusRabbitMQ\EventBusRabbitMQ.csproj", "{3B25DDEF-2189-4490-8694-AB0DA2DF1502}"
EndProject
Project("{FAE04EC0-301F-11D3-BF4B-00C04F79EFBC}") = "KeyMaster", "src\KeyMaster\KeyMaster.csproj", "{C8EC6C22-46E3-4E05-A49F-1A58351CABF5}"
EndProject
Project("{FAE04EC0-301F-11D3-BF4B-00C04F79EFBC}") = "AnalyticsService", "src\AnalyticsService\AnalyticsService.csproj", "{3B2EB642-DB1D-40BA-BC14-6FB8E523CC40}"
EndProject
Global
	GlobalSection(SolutionConfigurationPlatforms) = preSolution
		Debug|Any CPU = Debug|Any CPU
		Debug|x64 = Debug|x64
		Debug|x86 = Debug|x86
		Release|Any CPU = Release|Any CPU
		Release|x64 = Release|x64
		Release|x86 = Release|x86
	EndGlobalSection
	GlobalSection(SolutionProperties) = preSolution
		HideSolutionNode = FALSE
	EndGlobalSection
	GlobalSection(ProjectConfigurationPlatforms) = postSolution
		{7DF906A1-5BC6-4FD3-B962-E86ABD25AFFB}.Debug|Any CPU.ActiveCfg = Debug|Any CPU
		{7DF906A1-5BC6-4FD3-B962-E86ABD25AFFB}.Debug|Any CPU.Build.0 = Debug|Any CPU
		{7DF906A1-5BC6-4FD3-B962-E86ABD25AFFB}.Debug|x64.ActiveCfg = Debug|Any CPU
		{7DF906A1-5BC6-4FD3-B962-E86ABD25AFFB}.Debug|x64.Build.0 = Debug|Any CPU
		{7DF906A1-5BC6-4FD3-B962-E86ABD25AFFB}.Debug|x86.ActiveCfg = Debug|Any CPU
		{7DF906A1-5BC6-4FD3-B962-E86ABD25AFFB}.Debug|x86.Build.0 = Debug|Any CPU
		{7DF906A1-5BC6-4FD3-B962-E86ABD25AFFB}.Release|Any CPU.ActiveCfg = Release|Any CPU
		{7DF906A1-5BC6-4FD3-B962-E86ABD25AFFB}.Release|Any CPU.Build.0 = Release|Any CPU
		{7DF906A1-5BC6-4FD3-B962-E86ABD25AFFB}.Release|x64.ActiveCfg = Release|Any CPU
		{7DF906A1-5BC6-4FD3-B962-E86ABD25AFFB}.Release|x64.Build.0 = Release|Any CPU
		{7DF906A1-5BC6-4FD3-B962-E86ABD25AFFB}.Release|x86.ActiveCfg = Release|Any CPU
		{7DF906A1-5BC6-4FD3-B962-E86ABD25AFFB}.Release|x86.Build.0 = Release|Any CPU
		{26D24118-F787-4FEB-A066-3CDBB603FC64}.Debug|Any CPU.ActiveCfg = Debug|Any CPU
		{26D24118-F787-4FEB-A066-3CDBB603FC64}.Debug|Any CPU.Build.0 = Debug|Any CPU
		{26D24118-F787-4FEB-A066-3CDBB603FC64}.Debug|x64.ActiveCfg = Debug|Any CPU
		{26D24118-F787-4FEB-A066-3CDBB603FC64}.Debug|x64.Build.0 = Debug|Any CPU
		{26D24118-F787-4FEB-A066-3CDBB603FC64}.Debug|x86.ActiveCfg = Debug|Any CPU
		{26D24118-F787-4FEB-A066-3CDBB603FC64}.Debug|x86.Build.0 = Debug|Any CPU
		{26D24118-F787-4FEB-A066-3CDBB603FC64}.Release|Any CPU.ActiveCfg = Release|Any CPU
		{26D24118-F787-4FEB-A066-3CDBB603FC64}.Release|Any CPU.Build.0 = Release|Any CPU
		{26D24118-F787-4FEB-A066-3CDBB603FC64}.Release|x64.ActiveCfg = Release|Any CPU
		{26D24118-F787-4FEB-A066-3CDBB603FC64}.Release|x64.Build.0 = Release|Any CPU
		{26D24118-F787-4FEB-A066-3CDBB603FC64}.Release|x86.ActiveCfg = Release|Any CPU
		{26D24118-F787-4FEB-A066-3CDBB603FC64}.Release|x86.Build.0 = Release|Any CPU
		{E0126802-9C19-41D2-816B-EB4398D942E6}.Debug|Any CPU.ActiveCfg = Debug|Any CPU
		{E0126802-9C19-41D2-816B-EB4398D942E6}.Debug|Any CPU.Build.0 = Debug|Any CPU
		{E0126802-9C19-41D2-816B-EB4398D942E6}.Debug|x64.ActiveCfg = Debug|Any CPU
		{E0126802-9C19-41D2-816B-EB4398D942E6}.Debug|x64.Build.0 = Debug|Any CPU
		{E0126802-9C19-41D2-816B-EB4398D942E6}.Debug|x86.ActiveCfg = Debug|Any CPU
		{E0126802-9C19-41D2-816B-EB4398D942E6}.Debug|x86.Build.0 = Debug|Any CPU
		{E0126802-9C19-41D2-816B-EB4398D942E6}.Release|Any CPU.ActiveCfg = Release|Any CPU
		{E0126802-9C19-41D2-816B-EB4398D942E6}.Release|Any CPU.Build.0 = Release|Any CPU
		{E0126802-9C19-41D2-816B-EB4398D942E6}.Release|x64.ActiveCfg = Release|Any CPU
		{E0126802-9C19-41D2-816B-EB4398D942E6}.Release|x64.Build.0 = Release|Any CPU
		{E0126802-9C19-41D2-816B-EB4398D942E6}.Release|x86.ActiveCfg = Release|Any CPU
		{E0126802-9C19-41D2-816B-EB4398D942E6}.Release|x86.Build.0 = Release|Any CPU
		{C6AD13E5-C4AA-461A-81A7-2AB34191501F}.Debug|Any CPU.ActiveCfg = Debug|Any CPU
		{C6AD13E5-C4AA-461A-81A7-2AB34191501F}.Debug|Any CPU.Build.0 = Debug|Any CPU
		{C6AD13E5-C4AA-461A-81A7-2AB34191501F}.Debug|x64.ActiveCfg = Debug|Any CPU
		{C6AD13E5-C4AA-461A-81A7-2AB34191501F}.Debug|x64.Build.0 = Debug|Any CPU
		{C6AD13E5-C4AA-461A-81A7-2AB34191501F}.Debug|x86.ActiveCfg = Debug|Any CPU
		{C6AD13E5-C4AA-461A-81A7-2AB34191501F}.Debug|x86.Build.0 = Debug|Any CPU
		{C6AD13E5-C4AA-461A-81A7-2AB34191501F}.Release|Any CPU.ActiveCfg = Release|Any CPU
		{C6AD13E5-C4AA-461A-81A7-2AB34191501F}.Release|Any CPU.Build.0 = Release|Any CPU
		{C6AD13E5-C4AA-461A-81A7-2AB34191501F}.Release|x64.ActiveCfg = Release|Any CPU
		{C6AD13E5-C4AA-461A-81A7-2AB34191501F}.Release|x64.Build.0 = Release|Any CPU
		{C6AD13E5-C4AA-461A-81A7-2AB34191501F}.Release|x86.ActiveCfg = Release|Any CPU
		{C6AD13E5-C4AA-461A-81A7-2AB34191501F}.Release|x86.Build.0 = Release|Any CPU
		{3B25DDEF-2189-4490-8694-AB0DA2DF1502}.Debug|Any CPU.ActiveCfg = Debug|Any CPU
		{3B25DDEF-2189-4490-8694-AB0DA2DF1502}.Debug|Any CPU.Build.0 = Debug|Any CPU
		{3B25DDEF-2189-4490-8694-AB0DA2DF1502}.Debug|x64.ActiveCfg = Debug|Any CPU
		{3B25DDEF-2189-4490-8694-AB0DA2DF1502}.Debug|x64.Build.0 = Debug|Any CPU
		{3B25DDEF-2189-4490-8694-AB0DA2DF1502}.Debug|x86.ActiveCfg = Debug|Any CPU
		{3B25DDEF-2189-4490-8694-AB0DA2DF1502}.Debug|x86.Build.0 = Debug|Any CPU
		{3B25DDEF-2189-4490-8694-AB0DA2DF1502}.Release|Any CPU.ActiveCfg = Release|Any CPU
		{3B25DDEF-2189-4490-8694-AB0DA2DF1502}.Release|Any CPU.Build.0 = Release|Any CPU
		{3B25DDEF-2189-4490-8694-AB0DA2DF1502}.Release|x64.ActiveCfg = Release|Any CPU
		{3B25DDEF-2189-4490-8694-AB0DA2DF1502}.Release|x64.Build.0 = Release|Any CPU
		{3B25DDEF-2189-4490-8694-AB0DA2DF1502}.Release|x86.ActiveCfg = Release|Any CPU
		{3B25DDEF-2189-4490-8694-AB0DA2DF1502}.Release|x86.Build.0 = Release|Any CPU
		{C8EC6C22-46E3-4E05-A49F-1A58351CABF5}.Debug|Any CPU.ActiveCfg = Debug|Any CPU
		{C8EC6C22-46E3-4E05-A49F-1A58351CABF5}.Debug|Any CPU.Build.0 = Debug|Any CPU
		{C8EC6C22-46E3-4E05-A49F-1A58351CABF5}.Debug|x64.ActiveCfg = Debug|Any CPU
		{C8EC6C22-46E3-4E05-A49F-1A58351CABF5}.Debug|x64.Build.0 = Debug|Any CPU
		{C8EC6C22-46E3-4E05-A49F-1A58351CABF5}.Debug|x86.ActiveCfg = Debug|Any CPU
		{C8EC6C22-46E3-4E05-A49F-1A58351CABF5}.Debug|x86.Build.0 = Debug|Any CPU
		{C8EC6C22-46E3-4E05-A49F-1A58351CABF5}.Release|Any CPU.ActiveCfg = Release|Any CPU
		{C8EC6C22-46E3-4E05-A49F-1A58351CABF5}.Release|Any CPU.Build.0 = Release|Any CPU
		{C8EC6C22-46E3-4E05-A49F-1A58351CABF5}.Release|x64.ActiveCfg = Release|Any CPU
		{C8EC6C22-46E3-4E05-A49F-1A58351CABF5}.Release|x64.Build.0 = Release|Any CPU
		{C8EC6C22-46E3-4E05-A49F-1A58351CABF5}.Release|x86.ActiveCfg = Release|Any CPU
		{C8EC6C22-46E3-4E05-A49F-1A58351CABF5}.Release|x86.Build.0 = Release|Any CPU
		{3B2EB642-DB1D-40BA-BC14-6FB8E523CC40}.Debug|Any CPU.ActiveCfg = Debug|Any CPU
		{3B2EB642-DB1D-40BA-BC14-6FB8E523CC40}.Debug|Any CPU.Build.0 = Debug|Any CPU
		{3B2EB642-DB1D-40BA-BC14-6FB8E523CC40}.Debug|x64.ActiveCfg = Debug|Any CPU
		{3B2EB642-DB1D-40BA-BC14-6FB8E523CC40}.Debug|x64.Build.0 = Debug|Any CPU
		{3B2EB642-DB1D-40BA-BC14-6FB8E523CC40}.Debug|x86.ActiveCfg = Debug|Any CPU
		{3B2EB642-DB1D-40BA-BC14-6FB8E523CC40}.Debug|x86.Build.0 = Debug|Any CPU
		{3B2EB642-DB1D-40BA-BC14-6FB8E523CC40}.Release|Any CPU.ActiveCfg = Release|Any CPU
		{3B2EB642-DB1D-40BA-BC14-6FB8E523CC40}.Release|Any CPU.Build.0 = Release|Any CPU
		{3B2EB642-DB1D-40BA-BC14-6FB8E523CC40}.Release|x64.ActiveCfg = Release|Any CPU
		{3B2EB642-DB1D-40BA-BC14-6FB8E523CC40}.Release|x64.Build.0 = Release|Any CPU
		{3B2EB642-DB1D-40BA-BC14-6FB8E523CC40}.Release|x86.ActiveCfg = Release|Any CPU
		{3B2EB642-DB1D-40BA-BC14-6FB8E523CC40}.Release|x86.Build.0 = Release|Any CPU
	EndGlobalSection
	GlobalSection(NestedProjects) = preSolution
		{7DF906A1-5BC6-4FD3-B962-E86ABD25AFFB} = {B72FA040-AF09-4645-B365-F03E01718E38}
		{26D24118-F787-4FEB-A066-3CDBB603FC64} = {B72FA040-AF09-4645-B365-F03E01718E38}
		{E0126802-9C19-41D2-816B-EB4398D942E6} = {B72FA040-AF09-4645-B365-F03E01718E38}
		{9D27A4F0-80C4-489B-810D-0C9DF9766268} = {B72FA040-AF09-4645-B365-F03E01718E38}
		{C6AD13E5-C4AA-461A-81A7-2AB34191501F} = {9D27A4F0-80C4-489B-810D-0C9DF9766268}
		{3B25DDEF-2189-4490-8694-AB0DA2DF1502} = {9D27A4F0-80C4-489B-810D-0C9DF9766268}
		{C8EC6C22-46E3-4E05-A49F-1A58351CABF5} = {B72FA040-AF09-4645-B365-F03E01718E38}
		{3B2EB642-DB1D-40BA-BC14-6FB8E523CC40} = {B72FA040-AF09-4645-B365-F03E01718E38}
	EndGlobalSection
EndGlobal
